
Microsoft Visual Studio Solution File, Format Version 12.00
# Visual Studio Version 16
VisualStudioVersion = 16.0.31729.503
MinimumVisualStudioVersion = 10.0.40219.1
Project("{9A19103F-16F7-4668-BE54-9A1E7A4F7556}") = "UserLab", "UserLab\UserLab.csproj", "{A77A2F48-D5D6-401A-BF6F-FDCF46B199F9}"
EndProject
Global
	GlobalSection(SolutionConfigurationPlatforms) = preSolution
		Debug|Any CPU = Debug|Any CPU
		Release|Any CPU = Release|Any CPU
	EndGlobalSection
	GlobalSection(ProjectConfigurationPlatforms) = postSolution
		{A77A2F48-D5D6-401A-BF6F-FDCF46B199F9}.Debug|Any CPU.ActiveCfg = Debug|Any CPU
		{A77A2F48-D5D6-401A-BF6F-FDCF46B199F9}.Debug|Any CPU.Build.0 = Debug|Any CPU
		{A77A2F48-D5D6-401A-BF6F-FDCF46B199F9}.Release|Any CPU.ActiveCfg = Release|Any CPU
		{A77A2F48-D5D6-401A-BF6F-FDCF46B199F9}.Release|Any CPU.Build.0 = Release|Any CPU
	EndGlobalSection
	GlobalSection(SolutionProperties) = preSolution
		HideSolutionNode = FALSE
	EndGlobalSection
	GlobalSection(ExtensibilityGlobals) = postSolution
		SolutionGuid = {FC4F35FF-E356-46EF-A721-D39118C3630A}
	EndGlobalSection
EndGlobal
